github.com/davecgh/go-spew v1.1.1 h1:vj9j/u1bqnvCEfJOwUhtlOARqs3+rkHYY13jYWTU97c=
github.com/davecgh/go-spew v1.1.1/go.mod h1:J7Y8YcW2NihsgmVo/mv3lAwl/skON4iLHjSsI+c5H38=
github.com/e-XpertSolutions/f5-rest-client v0.0.1-0.20180601080712-d7a337bfdf14 h1:AvYTsx4k9B8S3wm7iK8dQsIwUB87i3KLABF+72It/OY=
github.com/e-XpertSolutions/f5-rest-client v0.0.1-0.20180601080712-d7a337bfdf14/go.mod h1:1S+s0X+f/OMQPRS4V9KqXpHxqoKROe45xHN1LUhoQxA=
github.com/pmezard/go-difflib v1.0.0 h1:4DBwDE0NGyQoBHbLQYPwSUPoCMWR5BEzIk/f1lZbAQM=
github.com/pmezard/go-difflib v1.0.0/go.mod h1:iKH77koFhYxTK1pcRnkKkqfTogsbg7gZNVY4sRDYZ/4=
github.com/sanity-io/litter v1.1.0 h1:BllcKWa3VbZmOZbDCoszYLk7zCsKHz5Beossi8SUcTc=
github.com/sanity-io/litter v1.1.0/go.mod h1:CJ0VCw2q4qKU7LaQr3n7UOSHzgEMgcGco7N/SkZQPjw=
github.com/stretchr/testify v1.2.2 h1:bSDNvY7ZPG5RlJ8otE/7V6gMiyenm9RtJ7IUVIAoJ1w=
github.com/stretchr/testify v1.2.2/go.mod h1:a8OnRcib4nhh0OaRAV+Yts87kKdq0PP7pXfy6kDkUVs=
github.com/udhos/a10-go-rest-client v0.0.0-20181101191724-954ef5a49f29 h1:2prl69uwtlYMYK4Hk0vUIiPWuTxwI4ooMQNFd30APKk=
github.com/udhos/a10-go-rest-client v0.0.0-20181101191724-954ef5a49f29/go.mod h1:bgP1mtveiqIMdn41+OYqHtHWC/khYGNc/8Y3NgDLV3U=
github.com/udhos/a10-go-rest-client v0.0.0-20181101195957-8e37ca643e8e h1:Sl/up+tjzEYni7pHkTsfsYRb7BEzBTauBZtmMz3eQLE=
github.com/udhos/a10-go-rest-client v0.0.0-20181101195957-8e37ca643e8e/go.mod h1:bgP1mtveiqIMdn41+OYqHtHWC/khYGNc/8Y3NgDLV3U=
