github.com/davecgh/go-spew v1.1.1 h1:vj9j/u1bqnvCEfJOwUhtlOARqs3+rkHYY13jYWTU97c=
github.com/davecgh/go-spew v1.1.1/go.mod h1:J7Y8YcW2NihsgmVo/mv3lAwl/skON4iLHjSsI+c5H38=
github.com/e-XpertSolutions/f5-rest-client v0.0.1-0.20180601080712-d7a337bfdf14 h1:AvYTsx4k9B8S3wm7iK8dQsIwUB87i3KLABF+72It/OY=
github.com/e-XpertSolutions/f5-rest-client v0.0.1-0.20180601080712-d7a337bfdf14/go.mod h1:1S+s0X+f/OMQPRS4V9KqXpHxqoKROe45xHN1LUhoQxA=
github.com/pmezard/go-difflib v1.0.0 h1:4DBwDE0NGyQoBHbLQYPwSUPoCMWR5BEzIk/f1lZbAQM=
github.com/pmezard/go-difflib v1.0.0/go.mod h1:iKH77koFhYxTK1pcRnkKkqfTogsbg7gZNVY4sRDYZ/4=
github.com/sanity-io/litter v1.1.0 h1:BllcKWa3VbZmOZbDCoszYLk7zCsKHz5Beossi8SUcTc=
github.com/sanity-io/litter v1.1.0/go.mod h1:CJ0VCw2q4qKU7LaQr3n7UOSHzgEMgcGco7N/SkZQPjw=
github.com/stretchr/testify v1.2.2 h1:bSDNvY7ZPG5RlJ8otE/7V6gMiyenm9RtJ7IUVIAoJ1w=
github.com/stretchr/testify v1.2.2/go.mod h1:a8OnRcib4nhh0OaRAV+Yts87kKdq0PP7pXfy6kDkUVs=
github.com/udhos/a10-go-rest-client v0.0.0-20181101223751-801212c42ce3 h1:ZE8kXC6KcSLNYa2E3MxidAQuXfwGSa8t57xC9mOOSmk=
github.com/udhos/a10-go-rest-client v0.0.0-20181101223751-801212c42ce3/go.mod h1:bgP1mtveiqIMdn41+OYqHtHWC/khYGNc/8Y3NgDLV3U=
github.com/udhos/a10-go-rest-client v0.0.0-20181105190449-e597a7d2db82 h1:plKWuY+6cOUBH7uQc79vVf3Sz5UwLQbCEctmtZiUX3c=
github.com/udhos/a10-go-rest-client v0.0.0-20181105190449-e597a7d2db82/go.mod h1:bgP1mtveiqIMdn41+OYqHtHWC/khYGNc/8Y3NgDLV3U=
github.com/udhos/a10-go-rest-client v0.0.0-20181105193335-ee056612b9e8 h1:BqQ9jZ55BLDaUAmTZIvA7haLQfRYZqMSWv2CQ0/Osds=
github.com/udhos/a10-go-rest-client v0.0.0-20181105193335-ee056612b9e8/go.mod h1:bgP1mtveiqIMdn41+OYqHtHWC/khYGNc/8Y3NgDLV3U=
github.com/udhos/a10-go-rest-client v0.0.0-20181105195017-8b3bec24b5a2 h1:HwxZSmbvJCGZn479fysPyyHpUcTsOE5XhellV8aVvfc=
github.com/udhos/a10-go-rest-client v0.0.0-20181105195017-8b3bec24b5a2/go.mod h1:bgP1mtveiqIMdn41+OYqHtHWC/khYGNc/8Y3NgDLV3U=
github.com/udhos/a10-go-rest-client v0.0.0-20181105212136-8daa4b2b045d h1:Jedtw/Ff5D32YSIDg5VumknQNSR8rt25jsr90fFx5D4=
github.com/udhos/a10-go-rest-client v0.0.0-20181105212136-8daa4b2b045d/go.mod h1:bgP1mtveiqIMdn41+OYqHtHWC/khYGNc/8Y3NgDLV3U=
github.com/udhos/a10-go-rest-client v0.0.0-20181106133003-46c6163861ed h1:6vd1auR+HvZPtSldR5ftX6eMT/uIcGrNqek/sH+PveU=
github.com/udhos/a10-go-rest-client v0.0.0-20181106133003-46c6163861ed/go.mod h1:bgP1mtveiqIMdn41+OYqHtHWC/khYGNc/8Y3NgDLV3U=
github.com/udhos/a10-go-rest-client v0.0.0-20181106184658-9d30fc7c344b h1:lYr2SuBNlX77Y+o0Mf4LaITElnryUICt4OWm556/S6E=
github.com/udhos/a10-go-rest-client v0.0.0-20181106184658-9d30fc7c344b/go.mod h1:bgP1mtveiqIMdn41+OYqHtHWC/khYGNc/8Y3NgDLV3U=
github.com/udhos/a10-go-rest-client v0.0.0-20181106184858-23133995e040 h1:59vMwncWAgP3r1MMr+6izjbjnxs7CVRQnhKbmBoYAjU=
github.com/udhos/a10-go-rest-client v0.0.0-20181106184858-23133995e040/go.mod h1:bgP1mtveiqIMdn41+OYqHtHWC/khYGNc/8Y3NgDLV3U=
github.com/udhos/a10-go-rest-client v0.0.0-20181107131422-25e5d297857d h1:Vmt/wvWQd2IwzebIhpu5cJQogEvZjnt7khzCXqvG1SA=
github.com/udhos/a10-go-rest-client v0.0.0-20181107131422-25e5d297857d/go.mod h1:bgP1mtveiqIMdn41+OYqHtHWC/khYGNc/8Y3NgDLV3U=
github.com/udhos/a10-go-rest-client v0.0.0-20181107142659-a8fac090394d h1:quSvSNhwTgstbBLN1Y6fqpOHiWE97VschPxy/2LFWUw=
github.com/udhos/a10-go-rest-client v0.0.0-20181107142659-a8fac090394d/go.mod h1:bgP1mtveiqIMdn41+OYqHtHWC/khYGNc/8Y3NgDLV3U=
github.com/udhos/a10-go-rest-client v0.0.0-20181107172146-97ea0b6d598c h1:LxzYaolkwW5YSWOIk3ZSAcBWCx418kYNc4XM0nqYhqM=
github.com/udhos/a10-go-rest-client v0.0.0-20181107172146-97ea0b6d598c/go.mod h1:bgP1mtveiqIMdn41+OYqHtHWC/khYGNc/8Y3NgDLV3U=
github.com/udhos/a10-go-rest-client v0.0.0-20181107174029-e94106df4983 h1:7A5pEJPc7+04U1lQ1OrGM+3kJ9UOb/SJLITV0k0vVg4=
github.com/udhos/a10-go-rest-client v0.0.0-20181107174029-e94106df4983/go.mod h1:bgP1mtveiqIMdn41+OYqHtHWC/khYGNc/8Y3NgDLV3U=
github.com/udhos/a10-go-rest-client v0.0.0-20181107184112-61a5bb877d58 h1:eE8VfmP5hlLSgWO7Z+owwxeaaR6HHdlSRbI0DopZU8I=
github.com/udhos/a10-go-rest-client v0.0.0-20181107184112-61a5bb877d58/go.mod h1:bgP1mtveiqIMdn41+OYqHtHWC/khYGNc/8Y3NgDLV3U=
github.com/udhos/a10-go-rest-client v0.0.0-20181107185303-cc2819f40d9b h1:hjLdW6+vJAzm0655pZy6yzIqo+VmS7oiaf1tiLA9lTI=
github.com/udhos/a10-go-rest-client v0.0.0-20181107185303-cc2819f40d9b/go.mod h1:bgP1mtveiqIMdn41+OYqHtHWC/khYGNc/8Y3NgDLV3U=
github.com/udhos/a10-go-rest-client v0.0.0-20181109185020-83f271d9e45e h1:AZiWK540YhnH2wR/mIkj6jNhoOyNkLQNNh9oAGTms9U=
github.com/udhos/a10-go-rest-client v0.0.0-20181109185020-83f271d9e45e/go.mod h1:bgP1mtveiqIMdn41+OYqHtHWC/khYGNc/8Y3NgDLV3U=
